
Microsoft Visual Studio Solution File, Format Version 12.00
# Visual Studio Version 16
VisualStudioVersion = 16.0.29403.142
MinimumVisualStudioVersion = 10.0.40219.1
Project("{9A19103F-16F7-4668-BE54-9A1E7A4F7556}") = "Bipap.Repository", "Bipap.Repository\Bipap.Repository.csproj", "{A1EDC10F-237A-4EA9-B082-D6BB4666FA48}"
EndProject
Project("{9A19103F-16F7-4668-BE54-9A1E7A4F7556}") = "Bipap.Service", "Bipap.Service\Bipap.Service.csproj", "{A3CF4A34-5AE0-4405-B4F0-5CDF2741E216}"
EndProject
Project("{2150E333-8FDC-42A3-9474-1A3956D46DE8}") = "ExternalServices", "ExternalServices", "{D4173694-60A8-41EC-8E21-DEFA0C085A3D}"
EndProject
Project("{2150E333-8FDC-42A3-9474-1A3956D46DE8}") = "Presentations", "Presentations", "{3F22BD23-F897-476A-8FC5-F4E7457D8142}"
EndProject
Project("{9A19103F-16F7-4668-BE54-9A1E7A4F7556}") = "Bipap.DAL", "Bipap.DAL\Bipap.DAL.csproj", "{5779A2E2-CB2E-4664-ACD8-4437E648DD3C}"
EndProject
Project("{2150E333-8FDC-42A3-9474-1A3956D46DE8}") = "WinApp", "WinApp", "{16140CCA-7E27-421E-93A5-27419935EE0B}"
EndProject
Project("{FAE04EC0-301F-11D3-BF4B-00C04F79EFBC}") = "IPlusApp", "IPlusApp\IPlusApp.csproj", "{F83C917F-56F4-4AC7-8E74-237C5F5CE32B}"
EndProject
Project("{2150E333-8FDC-42A3-9474-1A3956D46DE8}") = "WebUI", "WebUI", "{DBFA39BC-0377-47A4-A86E-2EAC246C064F}"
EndProject
Project("{9A19103F-16F7-4668-BE54-9A1E7A4F7556}") = "UI", "UI\UI.csproj", "{BB1DE7C4-DBCC-487C-BB20-D727E65D4E5E}"
EndProject
Project("{54435603-DBB4-11D2-8724-00A0C9A8B90C}") = "IplusSetup", "IplusSetup\IplusSetup.vdproj", "{A5F05BA6-749E-43BC-9E0C-6F33D30CAADE}"
EndProject
Project("{2150E333-8FDC-42A3-9474-1A3956D46DE8}") = "Panel", "Panel", "{2234377E-B3AB-4B2C-B6F6-B5DF5B27A3D3}"
EndProject
Project("{9A19103F-16F7-4668-BE54-9A1E7A4F7556}") = "SupportUserPanel", "SupportUserPanel\SupportUserPanel.csproj", "{BC49019B-B130-4507-BD20-0183C2E5FA8F}"
EndProject
Project("{9A19103F-16F7-4668-BE54-9A1E7A4F7556}") = "AdminPanel", "AdminPanel\AdminPanel.csproj", "{30D229F2-D2A8-4812-9A44-1CF0E01524D2}"
EndProject
Project("{FAE04EC0-301F-11D3-BF4B-00C04F79EFBC}") = "MobileService", "MobileService\MobileService.csproj", "{AEADBB55-93FF-4492-BF7E-6EAF5C2064D3}"
EndProject
Global
	GlobalSection(SolutionConfigurationPlatforms) = preSolution
		Debug|Any CPU = Debug|Any CPU
		Release|Any CPU = Release|Any CPU
	EndGlobalSection
	GlobalSection(ProjectConfigurationPlatforms) = postSolution
		{A1EDC10F-237A-4EA9-B082-D6BB4666FA48}.Debug|Any CPU.ActiveCfg = Debug|Any CPU
		{A1EDC10F-237A-4EA9-B082-D6BB4666FA48}.Debug|Any CPU.Build.0 = Debug|Any CPU
		{A1EDC10F-237A-4EA9-B082-D6BB4666FA48}.Release|Any CPU.ActiveCfg = Release|Any CPU
		{A1EDC10F-237A-4EA9-B082-D6BB4666FA48}.Release|Any CPU.Build.0 = Release|Any CPU
		{A3CF4A34-5AE0-4405-B4F0-5CDF2741E216}.Debug|Any CPU.ActiveCfg = Debug|Any CPU
		{A3CF4A34-5AE0-4405-B4F0-5CDF2741E216}.Debug|Any CPU.Build.0 = Debug|Any CPU
		{A3CF4A34-5AE0-4405-B4F0-5CDF2741E216}.Release|Any CPU.ActiveCfg = Release|Any CPU
		{A3CF4A34-5AE0-4405-B4F0-5CDF2741E216}.Release|Any CPU.Build.0 = Release|Any CPU
		{5779A2E2-CB2E-4664-ACD8-4437E648DD3C}.Debug|Any CPU.ActiveCfg = Debug|Any CPU
		{5779A2E2-CB2E-4664-ACD8-4437E648DD3C}.Debug|Any CPU.Build.0 = Debug|Any CPU
		{5779A2E2-CB2E-4664-ACD8-4437E648DD3C}.Release|Any CPU.ActiveCfg = Release|Any CPU
		{5779A2E2-CB2E-4664-ACD8-4437E648DD3C}.Release|Any CPU.Build.0 = Release|Any CPU
		{F83C917F-56F4-4AC7-8E74-237C5F5CE32B}.Debug|Any CPU.ActiveCfg = Debug|Any CPU
		{F83C917F-56F4-4AC7-8E74-237C5F5CE32B}.Debug|Any CPU.Build.0 = Debug|Any CPU
		{F83C917F-56F4-4AC7-8E74-237C5F5CE32B}.Release|Any CPU.ActiveCfg = Release|Any CPU
		{F83C917F-56F4-4AC7-8E74-237C5F5CE32B}.Release|Any CPU.Build.0 = Release|Any CPU
		{BB1DE7C4-DBCC-487C-BB20-D727E65D4E5E}.Debug|Any CPU.ActiveCfg = Debug|Any CPU
		{BB1DE7C4-DBCC-487C-BB20-D727E65D4E5E}.Debug|Any CPU.Build.0 = Debug|Any CPU
		{BB1DE7C4-DBCC-487C-BB20-D727E65D4E5E}.Release|Any CPU.ActiveCfg = Release|Any CPU
		{BB1DE7C4-DBCC-487C-BB20-D727E65D4E5E}.Release|Any CPU.Build.0 = Release|Any CPU
		{A5F05BA6-749E-43BC-9E0C-6F33D30CAADE}.Debug|Any CPU.ActiveCfg = Debug
		{A5F05BA6-749E-43BC-9E0C-6F33D30CAADE}.Release|Any CPU.ActiveCfg = Release
		{BC49019B-B130-4507-BD20-0183C2E5FA8F}.Debug|Any CPU.ActiveCfg = Debug|Any CPU
		{BC49019B-B130-4507-BD20-0183C2E5FA8F}.Debug|Any CPU.Build.0 = Debug|Any CPU
		{BC49019B-B130-4507-BD20-0183C2E5FA8F}.Release|Any CPU.ActiveCfg = Release|Any CPU
		{BC49019B-B130-4507-BD20-0183C2E5FA8F}.Release|Any CPU.Build.0 = Release|Any CPU
		{30D229F2-D2A8-4812-9A44-1CF0E01524D2}.Debug|Any CPU.ActiveCfg = Debug|Any CPU
		{30D229F2-D2A8-4812-9A44-1CF0E01524D2}.Debug|Any CPU.Build.0 = Debug|Any CPU
		{30D229F2-D2A8-4812-9A44-1CF0E01524D2}.Release|Any CPU.ActiveCfg = Release|Any CPU
		{30D229F2-D2A8-4812-9A44-1CF0E01524D2}.Release|Any CPU.Build.0 = Release|Any CPU
		{AEADBB55-93FF-4492-BF7E-6EAF5C2064D3}.Debug|Any CPU.ActiveCfg = Debug|Any CPU
		{AEADBB55-93FF-4492-BF7E-6EAF5C2064D3}.Debug|Any CPU.Build.0 = Debug|Any CPU
		{AEADBB55-93FF-4492-BF7E-6EAF5C2064D3}.Release|Any CPU.ActiveCfg = Release|Any CPU
		{AEADBB55-93FF-4492-BF7E-6EAF5C2064D3}.Release|Any CPU.Build.0 = Release|Any CPU
	EndGlobalSection
	GlobalSection(SolutionProperties) = preSolution
		HideSolutionNode = FALSE
	EndGlobalSection
	GlobalSection(NestedProjects) = preSolution
		{16140CCA-7E27-421E-93A5-27419935EE0B} = {3F22BD23-F897-476A-8FC5-F4E7457D8142}
		{F83C917F-56F4-4AC7-8E74-237C5F5CE32B} = {16140CCA-7E27-421E-93A5-27419935EE0B}
		{DBFA39BC-0377-47A4-A86E-2EAC246C064F} = {3F22BD23-F897-476A-8FC5-F4E7457D8142}
		{BB1DE7C4-DBCC-487C-BB20-D727E65D4E5E} = {DBFA39BC-0377-47A4-A86E-2EAC246C064F}
		{A5F05BA6-749E-43BC-9E0C-6F33D30CAADE} = {16140CCA-7E27-421E-93A5-27419935EE0B}
		{2234377E-B3AB-4B2C-B6F6-B5DF5B27A3D3} = {3F22BD23-F897-476A-8FC5-F4E7457D8142}
		{BC49019B-B130-4507-BD20-0183C2E5FA8F} = {2234377E-B3AB-4B2C-B6F6-B5DF5B27A3D3}
		{30D229F2-D2A8-4812-9A44-1CF0E01524D2} = {2234377E-B3AB-4B2C-B6F6-B5DF5B27A3D3}
		{AEADBB55-93FF-4492-BF7E-6EAF5C2064D3} = {D4173694-60A8-41EC-8E21-DEFA0C085A3D}
	EndGlobalSection
	GlobalSection(ExtensibilityGlobals) = postSolution
		SolutionGuid = {18B49107-7147-44A7-8C96-32F57A0E208C}
	EndGlobalSection
EndGlobal
